Microsoft Visual Studio Solution File, Format Version 12.00
# Visual Studio 16
Project("{8BC9CEB8-8B4A-11D0-8D11-00A0C91BC942}") = "ALL_BUILD", "ALL_BUILD.vcxproj", "{E27A796B-4C6D-35A0-865B-A79B64289F1B}"
	ProjectSection(ProjectDependencies) = postProject
		{F273C097-0E4F-37B0-A34D-7A88ACE87086} = {F273C097-0E4F-37B0-A34D-7A88ACE87086}
		{CDDDDCC6-B03D-3D38-AA8A-CDDA108974FB} = {CDDDDCC6-B03D-3D38-AA8A-CDDA108974FB}
	EndProjectSection
EndProject
Project("{8BC9CEB8-8B4A-11D0-8D11-00A0C91BC942}") = "ZERO_CHECK", "ZERO_CHECK.vcxproj", "{F273C097-0E4F-37B0-A34D-7A88ACE87086}"
	ProjectSection(ProjectDependencies) = postProject
	EndProjectSection
EndProject
Project("{8BC9CEB8-8B4A-11D0-8D11-00A0C91BC942}") = "museTargetingUnitTests", "museTargetingUnitTests.vcxproj", "{CDDDDCC6-B03D-3D38-AA8A-CDDA108974FB}"
	ProjectSection(ProjectDependencies) = postProject
		{F273C097-0E4F-37B0-A34D-7A88ACE87086} = {F273C097-0E4F-37B0-A34D-7A88ACE87086}
	EndProjectSection
EndProject
Global
	GlobalSection(SolutionConfigurationPlatforms) = preSolution
		Debug|Win32 = Debug|Win32
		Release|Win32 = Release|Win32
		MinSizeRel|Win32 = MinSizeRel|Win32
		RelWithDebInfo|Win32 = RelWithDebInfo|Win32
	EndGlobalSection
	GlobalSection(ProjectConfigurationPlatforms) = postSolution
		{E27A796B-4C6D-35A0-865B-A79B64289F1B}.Debug|Win32.ActiveCfg = Debug|Win32
		{E27A796B-4C6D-35A0-865B-A79B64289F1B}.Release|Win32.ActiveCfg = Release|Win32
		{E27A796B-4C6D-35A0-865B-A79B64289F1B}.MinSizeRel|Win32.ActiveCfg = MinSizeRel|Win32
		{E27A796B-4C6D-35A0-865B-A79B64289F1B}.RelWithDebInfo|Win32.ActiveCfg = RelWithDebInfo|Win32
		{F273C097-0E4F-37B0-A34D-7A88ACE87086}.Debug|Win32.ActiveCfg = Debug|Win32
		{F273C097-0E4F-37B0-A34D-7A88ACE87086}.Debug|Win32.Build.0 = Debug|Win32
		{F273C097-0E4F-37B0-A34D-7A88ACE87086}.Release|Win32.ActiveCfg = Release|Win32
		{F273C097-0E4F-37B0-A34D-7A88ACE87086}.Release|Win32.Build.0 = Release|Win32
		{F273C097-0E4F-37B0-A34D-7A88ACE87086}.MinSizeRel|Win32.ActiveCfg = MinSizeRel|Win32
		{F273C097-0E4F-37B0-A34D-7A88ACE87086}.MinSizeRel|Win32.Build.0 = MinSizeRel|Win32
		{F273C097-0E4F-37B0-A34D-7A88ACE87086}.RelWithDebInfo|Win32.ActiveCfg = RelWithDebInfo|Win32
		{F273C097-0E4F-37B0-A34D-7A88ACE87086}.RelWithDebInfo|Win32.Build.0 = RelWithDebInfo|Win32
		{CDDDDCC6-B03D-3D38-AA8A-CDDA108974FB}.Debug|Win32.ActiveCfg = Debug|Win32
		{CDDDDCC6-B03D-3D38-AA8A-CDDA108974FB}.Debug|Win32.Build.0 = Debug|Win32
		{CDDDDCC6-B03D-3D38-AA8A-CDDA108974FB}.Release|Win32.ActiveCfg = Release|Win32
		{CDDDDCC6-B03D-3D38-AA8A-CDDA108974FB}.Release|Win32.Build.0 = Release|Win32
		{CDDDDCC6-B03D-3D38-AA8A-CDDA108974FB}.MinSizeRel|Win32.ActiveCfg = MinSizeRel|Win32
		{CDDDDCC6-B03D-3D38-AA8A-CDDA108974FB}.MinSizeRel|Win32.Build.0 = MinSizeRel|Win32
		{CDDDDCC6-B03D-3D38-AA8A-CDDA108974FB}.RelWithDebInfo|Win32.ActiveCfg = RelWithDebInfo|Win32
		{CDDDDCC6-B03D-3D38-AA8A-CDDA108974FB}.RelWithDebInfo|Win32.Build.0 = RelWithDebInfo|Win32
	EndGlobalSection
	GlobalSection(ExtensibilityGlobals) = postSolution
		SolutionGuid = {644CCBCC-4471-3865-9229-2C468B2AF88E}
	EndGlobalSection
	GlobalSection(ExtensibilityAddIns) = postSolution
	EndGlobalSection
EndGlobal
